<?xml version="1.0" encoding="utf-8"?>
<Project ToolsVersion="4.0" xmlns="http://schemas.microsoft.com/developer/msbuild/2003">
  <ItemGroup>
    <Filter Include="Resource Files">
      <UniqueIdentifier>{67DA6AB6-F800-4c08-8B7A-83BB121AAD01}</UniqueIdentifier>
      <Extensions>rc;ico;cur;bmp;dlg;rc2;rct;bin;rgs;gif;jpg;jpeg;jpe;resx;tiff;tif;png;wav;mfcribbon-ms</Extensions>
    </Filter>
    <Filter Include="GUI">
      <UniqueIdentifier>{1db8a406-86fa-4d98-9ca0-275a7caab89a}</UniqueIdentifier>
    </Filter>
    <Filter Include="Pieces">
      <UniqueIdentifier>{79932a42-7573-4727-a0db-74563271cbd0}</UniqueIdentifier>
    </Filter>
    <Filter Include="Utility">
      <UniqueIdentifier>{09eb9967-5ca3-4efa-a93a-dd6290d0828a}</UniqueIdentifier>
    </Filter>
    <Filter Include="Main">
      <UniqueIdentifier>{379be94f-5060-44f6-9834-e1aedba7e7be}</UniqueIdentifier>
    </Filter>
    <Filter Include="Utility\Colliders">
      <UniqueIdentifier>{016a3cb1-33e0-49af-a279-2242ee035977}</UniqueIdentifier>
    </Filter>
  </ItemGroup>
  <ItemGroup>
    <ClCompile Include="Deck.cpp">
      <Filter>Pieces</Filter>
    </ClCompile>
    <ClCompile Include="ExpansionCard.cpp">
      <Filter>Pieces</Filter>
    </ClCompile>
    <ClCompile Include="GamePieces.cpp">
      <Filter>Pieces</Filter>
    </ClCompile>
    <ClCompile Include="ICard.cpp">
      <Filter>Pieces</Filter>
    </ClCompile>
    <ClCompile Include="IToken.cpp">
      <Filter>Pieces</Filter>
    </ClCompile>
    <ClCompile Include="NobleCard.cpp">
      <Filter>Pieces</Filter>
    </ClCompile>
    <ClCompile Include="Token.cpp">
      <Filter>Pieces</Filter>
    </ClCompile>
    <ClCompile Include="Randomizer.cpp">
      <Filter>Utility</Filter>
    </ClCompile>
    <ClCompile Include="UIButton.cpp">
      <Filter>GUI</Filter>
    </ClCompile>
    <ClCompile Include="PregameSetup.cpp">
      <Filter>Main</Filter>
    </ClCompile>
    <ClCompile Include="SessionsManager.cpp">
      <Filter>Main</Filter>
    </ClCompile>
    <ClCompile Include="Splendor.cpp">
      <Filter>Main</Filter>
    </ClCompile>
    <ClCompile Include="Collider.cpp">
      <Filter>Utility\Colliders</Filter>
    </ClCompile>
    <ClCompile Include="RectCollider.cpp">
      <Filter>Utility\Colliders</Filter>
    </ClCompile>
    <ClCompile Include="CircCollider.cpp">
      <Filter>Utility\Colliders</Filter>
    </ClCompile>
  </ItemGroup>
  <ItemGroup>
    <ClInclude Include="Deck.h">
      <Filter>Pieces</Filter>
    </ClInclude>
    <ClInclude Include="ExpansionCard.h">
      <Filter>Pieces</Filter>
    </ClInclude>
    <ClInclude Include="GamePieces.h">
      <Filter>Pieces</Filter>
    </ClInclude>
    <ClInclude Include="ICard.h">
      <Filter>Pieces</Filter>
    </ClInclude>
    <ClInclude Include="IToken.h">
      <Filter>Pieces</Filter>
    </ClInclude>
    <ClInclude Include="NobleCard.h">
      <Filter>Pieces</Filter>
    </ClInclude>
    <ClInclude Include="Token.h">
      <Filter>Pieces</Filter>
    </ClInclude>
    <ClInclude Include="Randomizer.h">
      <Filter>Utility</Filter>
    </ClInclude>
    <ClInclude Include="UIButton.h">
      <Filter>GUI</Filter>
    </ClInclude>
    <ClInclude Include="PregameSetup.h">
      <Filter>Main</Filter>
    </ClInclude>
    <ClInclude Include="SessionsManager.h">
      <Filter>Main</Filter>
    </ClInclude>
    <ClInclude Include="Collider.h">
      <Filter>Utility\Colliders</Filter>
    </ClInclude>
    <ClInclude Include="RectCollider.h">
      <Filter>Utility\Colliders</Filter>
    </ClInclude>
    <ClInclude Include="CircCollider.h">
      <Filter>Utility\Colliders</Filter>
    </ClInclude>
  </ItemGroup>
</Project>